
Microsoft Visual Studio Solution File, Format Version 12.00
# Visual Studio Version 17
VisualStudioVersion = 17.13.35913.81 d17.13
MinimumVisualStudioVersion = 10.0.40219.1
Project("{FAE04EC0-301F-11D3-BF4B-00C04F79EFBC}") = "pw-7", "pw-7\pw-7.csproj", "{FC513D52-1D6F-4C0B-8DBC-296975FE3492}"
EndProject
Global
	GlobalSection(SolutionConfigurationPlatforms) = preSolution
		Debug|Any CPU = Debug|Any CPU
		Release|Any CPU = Release|Any CPU
	EndGlobalSection
	GlobalSection(ProjectConfigurationPlatforms) = postSolution
		{FC513D52-1D6F-4C0B-8DBC-296975FE3492}.Debug|Any CPU.ActiveCfg = Debug|Any CPU
		{FC513D52-1D6F-4C0B-8DBC-296975FE3492}.Debug|Any CPU.Build.0 = Debug|Any CPU
		{FC513D52-1D6F-4C0B-8DBC-296975FE3492}.Release|Any CPU.ActiveCfg = Release|Any CPU
		{FC513D52-1D6F-4C0B-8DBC-296975FE3492}.Release|Any CPU.Build.0 = Release|Any CPU
	EndGlobalSection
	GlobalSection(SolutionProperties) = preSolution
		HideSolutionNode = FALSE
	EndGlobalSection
	GlobalSection(ExtensibilityGlobals) = postSolution
		SolutionGuid = {16E59454-2840-4D78-A2D2-CF2E3A2C8565}
	EndGlobalSection
EndGlobal
